Microsoft Visual Studio Solution File, Format Version 12.00
# Visual Studio Version 17
VisualStudioVersion = 17.5.2.0
MinimumVisualStudioVersion = 10.0.40219.1
Project("{FAE04EC0-301F-11D3-BF4B-00C04F79EFBC}") = "Start", "Start.csproj", "{83A175F4-ABE8-8CB1-DF28-459981514C56}"
EndProject
Project("{2150E333-8FDC-42A3-9474-1A3956D46DE8}") = "Start (1)", "Start (1)", "{C963023F-8BE6-5F45-400F-74A1C59EF0CE}"
EndProject
Project("{2150E333-8FDC-42A3-9474-1A3956D46DE8}") = "Files", "Files", "{8E1A25DA-11EA-DFF2-8B6B-5739A958E12A}"
EndProject
Project("{FAE04EC0-301F-11D3-BF4B-00C04F79EFBC}") = "CreateFiles", "Start\Files\CreateFiles\CreateFiles.csproj", "{FCDBB75F-F1EC-1087-2938-091BB824D960}"
EndProject
Project("{FAE04EC0-301F-11D3-BF4B-00C04F79EFBC}") = "Directories", "Start\Files\Directories\Directories.csproj", "{8E3252E3-23CA-2044-5A95-DC2566D5C35B}"
EndProject
Project("{FAE04EC0-301F-11D3-BF4B-00C04F79EFBC}") = "FileInfo", "Start\Files\FileInfo\FileInfo.csproj", "{5A999ACE-C7DA-3D99-E371-FB0F1D6E8F70}"
EndProject
Project("{FAE04EC0-301F-11D3-BF4B-00C04F79EFBC}") = "ReadWriteFiles", "Start\Files\ReadWriteFiles\ReadWriteFiles.csproj", "{E94C3752-427A-D727-6C9C-623550FBEF6E}"
EndProject
Project("{2150E333-8FDC-42A3-9474-1A3956D46DE8}") = "NumbersDates", "NumbersDates", "{FC769EB5-F656-89C8-7B1E-4FF4D7281A9C}"
EndProject
Project("{FAE04EC0-301F-11D3-BF4B-00C04F79EFBC}") = "DateTimeClass", "Start\NumbersDates\DateTimeClass\DateTimeClass.csproj", "{9EE7C28C-3799-95FD-DBC7-6BC65E079144}"
EndProject
Project("{FAE04EC0-301F-11D3-BF4B-00C04F79EFBC}") = "FormatDates", "Start\NumbersDates\FormatDates\FormatDates.csproj", "{AF93BC1F-5DFF-3165-6509-49CCBB4B6771}"
EndProject
Project("{FAE04EC0-301F-11D3-BF4B-00C04F79EFBC}") = "FormatNumbers", "Start\NumbersDates\FormatNumbers\FormatNumbers.csproj", "{C9DF1462-108F-F1A5-A02E-D29FBDA4DB23}"
EndProject
Project("{FAE04EC0-301F-11D3-BF4B-00C04F79EFBC}") = "ParseDates", "Start\NumbersDates\ParseDates\ParseDates.csproj", "{F4F26133-6379-374A-E4BC-1C8A91E11BB0}"
EndProject
Project("{FAE04EC0-301F-11D3-BF4B-00C04F79EFBC}") = "ParseNumbers", "Start\NumbersDates\ParseNumbers\ParseNumbers.csproj", "{46CDB435-38AB-F82E-C5B3-61D9C5EAB56F}"
EndProject
Project("{2150E333-8FDC-42A3-9474-1A3956D46DE8}") = "Overview", "Overview", "{28EA1971-30EB-DF4D-9AFA-DFD14EDC1083}"
EndProject
Project("{FAE04EC0-301F-11D3-BF4B-00C04F79EFBC}") = "DataTypes", "Start\Overview\DataTypes\DataTypes.csproj", "{F97EEE6E-54F4-77A6-5ACC-A9CD1990B90D}"
EndProject
Project("{FAE04EC0-301F-11D3-BF4B-00C04F79EFBC}") = "GarbageCollect", "Start\Overview\GarbageCollect\GarbageCollect.csproj", "{4BA29BE1-0FBE-7180-F8E1-F3586F3DC40D}"
EndProject
Project("{FAE04EC0-301F-11D3-BF4B-00C04F79EFBC}") = "MyConsoleApp", "Start\Overview\MyConsoleApp\MyConsoleApp.csproj", "{90E5EDB9-7DC5-0008-D7B1-30371402C1DF}"
EndProject
Project("{2150E333-8FDC-42A3-9474-1A3956D46DE8}") = "Regex", "Regex", "{E37CEA47-097F-91F2-3896-86E765AB63DF}"
EndProject
Project("{FAE04EC0-301F-11D3-BF4B-00C04F79EFBC}") = "Finding", "Start\Regex\Finding\Finding.csproj", "{E7FF5C58-4A32-28A9-C7C9-3FAF47ED1F93}"
EndProject
Project("{FAE04EC0-301F-11D3-BF4B-00C04F79EFBC}") = "Replacing", "Start\Regex\Replacing\Replacing.csproj", "{5F677FC4-250C-0E06-46C6-03A4882EC3E6}"
EndProject
Project("{FAE04EC0-301F-11D3-BF4B-00C04F79EFBC}") = "RegexTimeouts", "Start\Regex\Timeouts\RegexTimeouts.csproj", "{A4346E37-B74E-61FA-F30B-D852E74F8007}"
EndProject
Project("{2150E333-8FDC-42A3-9474-1A3956D46DE8}") = "Strings", "Strings", "{1224E6DC-D937-3DDD-7DC2-FA098F3CA74B}"
EndProject
Project("{FAE04EC0-301F-11D3-BF4B-00C04F79EFBC}") = "Formatting", "Start\Strings\Formatting\Formatting.csproj", "{159EDBD1-4C93-4BCA-57FB-4406D21CA061}"
EndProject
Project("{FAE04EC0-301F-11D3-BF4B-00C04F79EFBC}") = "Interpolation", "Start\Strings\Interpolation\Interpolation.csproj", "{C388A728-6A7F-9317-C8A9-335F4F9CA044}"
EndProject
Project("{FAE04EC0-301F-11D3-BF4B-00C04F79EFBC}") = "Manipulation", "Start\Strings\Manipulation\Manipulation.csproj", "{7010AA87-7A87-9F05-7AEC-6BD71E524A13}"
EndProject
Project("{FAE04EC0-301F-11D3-BF4B-00C04F79EFBC}") = "Searching", "Start\Strings\Searching\Searching.csproj", "{427FDEEF-E9F8-6947-189A-3D8A936F042E}"
EndProject
Global
	GlobalSection(SolutionConfigurationPlatforms) = preSolution
		Debug|Any CPU = Debug|Any CPU
		Release|Any CPU = Release|Any CPU
	EndGlobalSection
	GlobalSection(ProjectConfigurationPlatforms) = postSolution
		{83A175F4-ABE8-8CB1-DF28-459981514C56}.Debug|Any CPU.ActiveCfg = Debug|Any CPU
		{83A175F4-ABE8-8CB1-DF28-459981514C56}.Debug|Any CPU.Build.0 = Debug|Any CPU
		{83A175F4-ABE8-8CB1-DF28-459981514C56}.Release|Any CPU.ActiveCfg = Release|Any CPU
		{83A175F4-ABE8-8CB1-DF28-459981514C56}.Release|Any CPU.Build.0 = Release|Any CPU
		{FCDBB75F-F1EC-1087-2938-091BB824D960}.Debug|Any CPU.ActiveCfg = Debug|Any CPU
		{FCDBB75F-F1EC-1087-2938-091BB824D960}.Debug|Any CPU.Build.0 = Debug|Any CPU
		{FCDBB75F-F1EC-1087-2938-091BB824D960}.Release|Any CPU.ActiveCfg = Release|Any CPU
		{FCDBB75F-F1EC-1087-2938-091BB824D960}.Release|Any CPU.Build.0 = Release|Any CPU
		{8E3252E3-23CA-2044-5A95-DC2566D5C35B}.Debug|Any CPU.ActiveCfg = Debug|Any CPU
		{8E3252E3-23CA-2044-5A95-DC2566D5C35B}.Debug|Any CPU.Build.0 = Debug|Any CPU
		{8E3252E3-23CA-2044-5A95-DC2566D5C35B}.Release|Any CPU.ActiveCfg = Release|Any CPU
		{8E3252E3-23CA-2044-5A95-DC2566D5C35B}.Release|Any CPU.Build.0 = Release|Any CPU
		{5A999ACE-C7DA-3D99-E371-FB0F1D6E8F70}.Debug|Any CPU.ActiveCfg = Debug|Any CPU
		{5A999ACE-C7DA-3D99-E371-FB0F1D6E8F70}.Debug|Any CPU.Build.0 = Debug|Any CPU
		{5A999ACE-C7DA-3D99-E371-FB0F1D6E8F70}.Release|Any CPU.ActiveCfg = Release|Any CPU
		{5A999ACE-C7DA-3D99-E371-FB0F1D6E8F70}.Release|Any CPU.Build.0 = Release|Any CPU
		{E94C3752-427A-D727-6C9C-623550FBEF6E}.Debug|Any CPU.ActiveCfg = Debug|Any CPU
		{E94C3752-427A-D727-6C9C-623550FBEF6E}.Debug|Any CPU.Build.0 = Debug|Any CPU
		{E94C3752-427A-D727-6C9C-623550FBEF6E}.Release|Any CPU.ActiveCfg = Release|Any CPU
		{E94C3752-427A-D727-6C9C-623550FBEF6E}.Release|Any CPU.Build.0 = Release|Any CPU
		{9EE7C28C-3799-95FD-DBC7-6BC65E079144}.Debug|Any CPU.ActiveCfg = Debug|Any CPU
		{9EE7C28C-3799-95FD-DBC7-6BC65E079144}.Debug|Any CPU.Build.0 = Debug|Any CPU
		{9EE7C28C-3799-95FD-DBC7-6BC65E079144}.Release|Any CPU.ActiveCfg = Release|Any CPU
		{9EE7C28C-3799-95FD-DBC7-6BC65E079144}.Release|Any CPU.Build.0 = Release|Any CPU
		{AF93BC1F-5DFF-3165-6509-49CCBB4B6771}.Debug|Any CPU.ActiveCfg = Debug|Any CPU
		{AF93BC1F-5DFF-3165-6509-49CCBB4B6771}.Debug|Any CPU.Build.0 = Debug|Any CPU
		{AF93BC1F-5DFF-3165-6509-49CCBB4B6771}.Release|Any CPU.ActiveCfg = Release|Any CPU
		{AF93BC1F-5DFF-3165-6509-49CCBB4B6771}.Release|Any CPU.Build.0 = Release|Any CPU
		{C9DF1462-108F-F1A5-A02E-D29FBDA4DB23}.Debug|Any CPU.ActiveCfg = Debug|Any CPU
		{C9DF1462-108F-F1A5-A02E-D29FBDA4DB23}.Debug|Any CPU.Build.0 = Debug|Any CPU
		{C9DF1462-108F-F1A5-A02E-D29FBDA4DB23}.Release|Any CPU.ActiveCfg = Release|Any CPU
		{C9DF1462-108F-F1A5-A02E-D29FBDA4DB23}.Release|Any CPU.Build.0 = Release|Any CPU
		{F4F26133-6379-374A-E4BC-1C8A91E11BB0}.Debug|Any CPU.ActiveCfg = Debug|Any CPU
		{F4F26133-6379-374A-E4BC-1C8A91E11BB0}.Debug|Any CPU.Build.0 = Debug|Any CPU
		{F4F26133-6379-374A-E4BC-1C8A91E11BB0}.Release|Any CPU.ActiveCfg = Release|Any CPU
		{F4F26133-6379-374A-E4BC-1C8A91E11BB0}.Release|Any CPU.Build.0 = Release|Any CPU
		{46CDB435-38AB-F82E-C5B3-61D9C5EAB56F}.Debug|Any CPU.ActiveCfg = Debug|Any CPU
		{46CDB435-38AB-F82E-C5B3-61D9C5EAB56F}.Debug|Any CPU.Build.0 = Debug|Any CPU
		{46CDB435-38AB-F82E-C5B3-61D9C5EAB56F}.Release|Any CPU.ActiveCfg = Release|Any CPU
		{46CDB435-38AB-F82E-C5B3-61D9C5EAB56F}.Release|Any CPU.Build.0 = Release|Any CPU
		{F97EEE6E-54F4-77A6-5ACC-A9CD1990B90D}.Debug|Any CPU.ActiveCfg = Debug|Any CPU
		{F97EEE6E-54F4-77A6-5ACC-A9CD1990B90D}.Debug|Any CPU.Build.0 = Debug|Any CPU
		{F97EEE6E-54F4-77A6-5ACC-A9CD1990B90D}.Release|Any CPU.ActiveCfg = Release|Any CPU
		{F97EEE6E-54F4-77A6-5ACC-A9CD1990B90D}.Release|Any CPU.Build.0 = Release|Any CPU
		{4BA29BE1-0FBE-7180-F8E1-F3586F3DC40D}.Debug|Any CPU.ActiveCfg = Debug|Any CPU
		{4BA29BE1-0FBE-7180-F8E1-F3586F3DC40D}.Debug|Any CPU.Build.0 = Debug|Any CPU
		{4BA29BE1-0FBE-7180-F8E1-F3586F3DC40D}.Release|Any CPU.ActiveCfg = Release|Any CPU
		{4BA29BE1-0FBE-7180-F8E1-F3586F3DC40D}.Release|Any CPU.Build.0 = Release|Any CPU
		{90E5EDB9-7DC5-0008-D7B1-30371402C1DF}.Debug|Any CPU.ActiveCfg = Debug|Any CPU
		{90E5EDB9-7DC5-0008-D7B1-30371402C1DF}.Debug|Any CPU.Build.0 = Debug|Any CPU
		{90E5EDB9-7DC5-0008-D7B1-30371402C1DF}.Release|Any CPU.ActiveCfg = Release|Any CPU
		{90E5EDB9-7DC5-0008-D7B1-30371402C1DF}.Release|Any CPU.Build.0 = Release|Any CPU
		{E7FF5C58-4A32-28A9-C7C9-3FAF47ED1F93}.Debug|Any CPU.ActiveCfg = Debug|Any CPU
		{E7FF5C58-4A32-28A9-C7C9-3FAF47ED1F93}.Debug|Any CPU.Build.0 = Debug|Any CPU
		{E7FF5C58-4A32-28A9-C7C9-3FAF47ED1F93}.Release|Any CPU.ActiveCfg = Release|Any CPU
		{E7FF5C58-4A32-28A9-C7C9-3FAF47ED1F93}.Release|Any CPU.Build.0 = Release|Any CPU
		{5F677FC4-250C-0E06-46C6-03A4882EC3E6}.Debug|Any CPU.ActiveCfg = Debug|Any CPU
		{5F677FC4-250C-0E06-46C6-03A4882EC3E6}.Debug|Any CPU.Build.0 = Debug|Any CPU
		{5F677FC4-250C-0E06-46C6-03A4882EC3E6}.Release|Any CPU.ActiveCfg = Release|Any CPU
		{5F677FC4-250C-0E06-46C6-03A4882EC3E6}.Release|Any CPU.Build.0 = Release|Any CPU
		{A4346E37-B74E-61FA-F30B-D852E74F8007}.Debug|Any CPU.ActiveCfg = Debug|Any CPU
		{A4346E37-B74E-61FA-F30B-D852E74F8007}.Debug|Any CPU.Build.0 = Debug|Any CPU
		{A4346E37-B74E-61FA-F30B-D852E74F8007}.Release|Any CPU.ActiveCfg = Release|Any CPU
		{A4346E37-B74E-61FA-F30B-D852E74F8007}.Release|Any CPU.Build.0 = Release|Any CPU
		{159EDBD1-4C93-4BCA-57FB-4406D21CA061}.Debug|Any CPU.ActiveCfg = Debug|Any CPU
		{159EDBD1-4C93-4BCA-57FB-4406D21CA061}.Debug|Any CPU.Build.0 = Debug|Any CPU
		{159EDBD1-4C93-4BCA-57FB-4406D21CA061}.Release|Any CPU.ActiveCfg = Release|Any CPU
		{159EDBD1-4C93-4BCA-57FB-4406D21CA061}.Release|Any CPU.Build.0 = Release|Any CPU
		{C388A728-6A7F-9317-C8A9-335F4F9CA044}.Debug|Any CPU.ActiveCfg = Debug|Any CPU
		{C388A728-6A7F-9317-C8A9-335F4F9CA044}.Debug|Any CPU.Build.0 = Debug|Any CPU
		{C388A728-6A7F-9317-C8A9-335F4F9CA044}.Release|Any CPU.ActiveCfg = Release|Any CPU
		{C388A728-6A7F-9317-C8A9-335F4F9CA044}.Release|Any CPU.Build.0 = Release|Any CPU
		{7010AA87-7A87-9F05-7AEC-6BD71E524A13}.Debug|Any CPU.ActiveCfg = Debug|Any CPU
		{7010AA87-7A87-9F05-7AEC-6BD71E524A13}.Debug|Any CPU.Build.0 = Debug|Any CPU
		{7010AA87-7A87-9F05-7AEC-6BD71E524A13}.Release|Any CPU.ActiveCfg = Release|Any CPU
		{7010AA87-7A87-9F05-7AEC-6BD71E524A13}.Release|Any CPU.Build.0 = Release|Any CPU
		{427FDEEF-E9F8-6947-189A-3D8A936F042E}.Debug|Any CPU.ActiveCfg = Debug|Any CPU
		{427FDEEF-E9F8-6947-189A-3D8A936F042E}.Debug|Any CPU.Build.0 = Debug|Any CPU
		{427FDEEF-E9F8-6947-189A-3D8A936F042E}.Release|Any CPU.ActiveCfg = Release|Any CPU
		{427FDEEF-E9F8-6947-189A-3D8A936F042E}.Release|Any CPU.Build.0 = Release|Any CPU
	EndGlobalSection
	GlobalSection(SolutionProperties) = preSolution
		HideSolutionNode = FALSE
	EndGlobalSection
	GlobalSection(NestedProjects) = preSolution
		{8E1A25DA-11EA-DFF2-8B6B-5739A958E12A} = {C963023F-8BE6-5F45-400F-74A1C59EF0CE}
		{FCDBB75F-F1EC-1087-2938-091BB824D960} = {8E1A25DA-11EA-DFF2-8B6B-5739A958E12A}
		{8E3252E3-23CA-2044-5A95-DC2566D5C35B} = {8E1A25DA-11EA-DFF2-8B6B-5739A958E12A}
		{5A999ACE-C7DA-3D99-E371-FB0F1D6E8F70} = {8E1A25DA-11EA-DFF2-8B6B-5739A958E12A}
		{E94C3752-427A-D727-6C9C-623550FBEF6E} = {8E1A25DA-11EA-DFF2-8B6B-5739A958E12A}
		{FC769EB5-F656-89C8-7B1E-4FF4D7281A9C} = {C963023F-8BE6-5F45-400F-74A1C59EF0CE}
		{9EE7C28C-3799-95FD-DBC7-6BC65E079144} = {FC769EB5-F656-89C8-7B1E-4FF4D7281A9C}
		{AF93BC1F-5DFF-3165-6509-49CCBB4B6771} = {FC769EB5-F656-89C8-7B1E-4FF4D7281A9C}
		{C9DF1462-108F-F1A5-A02E-D29FBDA4DB23} = {FC769EB5-F656-89C8-7B1E-4FF4D7281A9C}
		{F4F26133-6379-374A-E4BC-1C8A91E11BB0} = {FC769EB5-F656-89C8-7B1E-4FF4D7281A9C}
		{46CDB435-38AB-F82E-C5B3-61D9C5EAB56F} = {FC769EB5-F656-89C8-7B1E-4FF4D7281A9C}
		{28EA1971-30EB-DF4D-9AFA-DFD14EDC1083} = {C963023F-8BE6-5F45-400F-74A1C59EF0CE}
		{F97EEE6E-54F4-77A6-5ACC-A9CD1990B90D} = {28EA1971-30EB-DF4D-9AFA-DFD14EDC1083}
		{4BA29BE1-0FBE-7180-F8E1-F3586F3DC40D} = {28EA1971-30EB-DF4D-9AFA-DFD14EDC1083}
		{90E5EDB9-7DC5-0008-D7B1-30371402C1DF} = {28EA1971-30EB-DF4D-9AFA-DFD14EDC1083}
		{E37CEA47-097F-91F2-3896-86E765AB63DF} = {C963023F-8BE6-5F45-400F-74A1C59EF0CE}
		{E7FF5C58-4A32-28A9-C7C9-3FAF47ED1F93} = {E37CEA47-097F-91F2-3896-86E765AB63DF}
		{5F677FC4-250C-0E06-46C6-03A4882EC3E6} = {E37CEA47-097F-91F2-3896-86E765AB63DF}
		{A4346E37-B74E-61FA-F30B-D852E74F8007} = {E37CEA47-097F-91F2-3896-86E765AB63DF}
		{1224E6DC-D937-3DDD-7DC2-FA098F3CA74B} = {C963023F-8BE6-5F45-400F-74A1C59EF0CE}
		{159EDBD1-4C93-4BCA-57FB-4406D21CA061} = {1224E6DC-D937-3DDD-7DC2-FA098F3CA74B}
		{C388A728-6A7F-9317-C8A9-335F4F9CA044} = {1224E6DC-D937-3DDD-7DC2-FA098F3CA74B}
		{7010AA87-7A87-9F05-7AEC-6BD71E524A13} = {1224E6DC-D937-3DDD-7DC2-FA098F3CA74B}
		{427FDEEF-E9F8-6947-189A-3D8A936F042E} = {1224E6DC-D937-3DDD-7DC2-FA098F3CA74B}
	EndGlobalSection
	GlobalSection(ExtensibilityGlobals) = postSolution
		SolutionGuid = {5642C7D7-F0EC-4985-9DFE-F48D8E7BDA85}
	EndGlobalSection
EndGlobal
